
Microsoft Visual Studio Solution File, Format Version 12.00
# Visual Studio 15
VisualStudioVersion = 15.0.27703.2026
MinimumVisualStudioVersion = 10.0.40219.1
Project("{FAE04EC0-301F-11D3-BF4B-00C04F79EFBC}") = "TplDataFlow.Extension", "TplDataFlow.Extension\TplDataFlow.Extension.csproj", "{05AA5714-6636-4776-9DDD-D2A9E8378BAA}"
EndProject
Global
	GlobalSection(SolutionConfigurationPlatforms) = preSolution
		Debug|Any CPU = Debug|Any CPU
		Release|Any CPU = Release|Any CPU
	EndGlobalSection
	GlobalSection(ProjectConfigurationPlatforms) = postSolution
		{05AA5714-6636-4776-9DDD-D2A9E8378BAA}.Debug|Any CPU.ActiveCfg = Debug|Any CPU
		{05AA5714-6636-4776-9DDD-D2A9E8378BAA}.Debug|Any CPU.Build.0 = Debug|Any CPU
		{05AA5714-6636-4776-9DDD-D2A9E8378BAA}.Release|Any CPU.ActiveCfg = Release|Any CPU
		{05AA5714-6636-4776-9DDD-D2A9E8378BAA}.Release|Any CPU.Build.0 = Release|Any CPU
	EndGlobalSection
	GlobalSection(SolutionProperties) = preSolution
		HideSolutionNode = FALSE
	EndGlobalSection
	GlobalSection(ExtensibilityGlobals) = postSolution
		SolutionGuid = {3698780D-A1D0-49C5-905F-CF3FC36B22D1}
	EndGlobalSection
EndGlobal
